
Microsoft Visual Studio Solution File, Format Version 12.00
# Visual Studio Version 16
VisualStudioVersion = 16.0.34301.259
MinimumVisualStudioVersion = 10.0.40219.1
Project("{FAE04EC0-301F-11D3-BF4B-00C04F79EFBC}") = "ToprakBot", "ToprakBot\ToprakBot.csproj", "{95C0684E-71AE-4B92-B418-024EA5751B87}"
EndProject
Global
	GlobalSection(SolutionConfigurationPlatforms) = preSolution
		Debug|Any CPU = Debug|Any CPU
		Release|Any CPU = Release|Any CPU
	EndGlobalSection
	GlobalSection(ProjectConfigurationPlatforms) = postSolution
		{95C0684E-71AE-4B92-B418-024EA5751B87}.Debug|Any CPU.ActiveCfg = Debug|Any CPU
		{95C0684E-71AE-4B92-B418-024EA5751B87}.Debug|Any CPU.Build.0 = Debug|Any CPU
		{95C0684E-71AE-4B92-B418-024EA5751B87}.Release|Any CPU.ActiveCfg = Release|Any CPU
		{95C0684E-71AE-4B92-B418-024EA5751B87}.Release|Any CPU.Build.0 = Release|Any CPU
	EndGlobalSection
	GlobalSection(SolutionProperties) = preSolution
		HideSolutionNode = FALSE
	EndGlobalSection
	GlobalSection(ExtensibilityGlobals) = postSolution
		SolutionGuid = {1A9DB579-9E93-4A9F-BC73-DD39252103D1}
	EndGlobalSection
EndGlobal
